
Microsoft Visual Studio Solution File, Format Version 12.00
# Visual Studio Version 16
VisualStudioVersion = 16.0.29424.173
MinimumVisualStudioVersion = 10.0.40219.1
Project("{FAE04EC0-301F-11D3-BF4B-00C04F79EFBC}") = "EmpSys", "EmpSys\EmpSys.csproj", "{8CD110F4-5F47-4330-B937-702FD9B3FB96}"
EndProject
Project("{FAE04EC0-301F-11D3-BF4B-00C04F79EFBC}") = "EmpSysLibrary", "EmpSysLibrary\EmpSysLibrary.csproj", "{D12FF62B-0F07-484B-947E-8AF4C38E6AD8}"
EndProject
Global
	GlobalSection(SolutionConfigurationPlatforms) = preSolution
		Debug|Any CPU = Debug|Any CPU
		Release|Any CPU = Release|Any CPU
	EndGlobalSection
	GlobalSection(ProjectConfigurationPlatforms) = postSolution
		{8CD110F4-5F47-4330-B937-702FD9B3FB96}.Debug|Any CPU.ActiveCfg = Debug|Any CPU
		{8CD110F4-5F47-4330-B937-702FD9B3FB96}.Debug|Any CPU.Build.0 = Debug|Any CPU
		{8CD110F4-5F47-4330-B937-702FD9B3FB96}.Release|Any CPU.ActiveCfg = Release|Any CPU
		{8CD110F4-5F47-4330-B937-702FD9B3FB96}.Release|Any CPU.Build.0 = Release|Any CPU
		{D12FF62B-0F07-484B-947E-8AF4C38E6AD8}.Debug|Any CPU.ActiveCfg = Debug|Any CPU
		{D12FF62B-0F07-484B-947E-8AF4C38E6AD8}.Debug|Any CPU.Build.0 = Debug|Any CPU
		{D12FF62B-0F07-484B-947E-8AF4C38E6AD8}.Release|Any CPU.ActiveCfg = Release|Any CPU
		{D12FF62B-0F07-484B-947E-8AF4C38E6AD8}.Release|Any CPU.Build.0 = Release|Any CPU
	EndGlobalSection
	GlobalSection(SolutionProperties) = preSolution
		HideSolutionNode = FALSE
	EndGlobalSection
	GlobalSection(ExtensibilityGlobals) = postSolution
		SolutionGuid = {9EE60935-3098-4E84-B74E-6377E90D8F12}
	EndGlobalSection
EndGlobal
